{
  "nodes": {
    "dino": {
      "inputs": {
        "nixpkgs": [
          "nixpkgs"
        ]
      },
      "locked": {
        "lastModified": 1714141479,
        "narHash": "sha256-kvA/nm7aykc9NmWiA1NMNYf6KOUeHHrq8QCUCvGDOm0=",
        "owner": "igsha",
        "repo": "dino",
        "rev": "67d1782e29bcecada98fbe18fde4acc93c3a45b6",
        "type": "github"
      },
      "original": {
        "owner": "igsha",
        "ref": "nix-support",
        "repo": "dino",
        "type": "github"
      }
    },
    "home-config": {
      "inputs": {
        "nixpkgs": [
          "nixpkgs"
        ]
      },
      "locked": {
        "lastModified": 1730715968,
        "narHash": "sha256-dyAuoXgzTEnN/fBwMMuFr6/6FCpK9kCkFI9dp6Cjy8g=",
        "owner": "igsha",
        "repo": "home-config",
        "rev": "29b7eaf0a2c314b09a6003f83ca7dda9b51ba0e7",
        "type": "github"
      },
      "original": {
        "owner": "igsha",
        "ref": "main",
        "repo": "home-config",
        "type": "github"
      }
    },
    "nixos-hardware": {
      "locked": {
        "lastModified": 1729742320,
        "narHash": "sha256-u3Of8xRkN//me8PU+RucKA59/6RNy4B2jcGAF36P4jI=",
        "owner": "nixos",
        "repo": "nixos-hardware",
        "rev": "e8a2f6d5513fe7b7d15701b2d05404ffdc3b6dda",
        "type": "github"
      },
      "original": {
        "owner": "nixos",
        "ref": "master",
        "repo": "nixos-hardware",
        "type": "github"
      }
    },
    "nixpkgs": {
      "locked": {
        "lastModified": 1729665710,
        "narHash": "sha256-AlcmCXJZPIlO5dmFzV3V2XF6x/OpNWUV8Y/FMPGd8Z4=",
        "owner": "nixos",
        "repo": "nixpkgs",
        "rev": "2768c7d042a37de65bb1b5b3268fc987e534c49d",
        "type": "github"
      },
      "original": {
        "owner": "nixos",
        "ref": "nixos-unstable",
        "repo": "nixpkgs",
        "type": "github"
      }
    },
    "root": {
      "inputs": {
        "dino": "dino",
        "home-config": "home-config",
        "nixos-hardware": "nixos-hardware",
        "nixpkgs": "nixpkgs",
        "tmux-mycollection": "tmux-mycollection",
        "yt-dlp-plugins": "yt-dlp-plugins"
      }
    },
    "tmux-mycollection": {
      "inputs": {
        "nixpkgs": [
          "nixpkgs"
        ]
      },
      "locked": {
        "lastModified": 1715757402,
        "narHash": "sha256-vaYkOb/Fv+4dDyzufiXJrb8fHiAt2VBaeZCFrSVCf1g=",
        "owner": "igsha",
        "repo": "tmux-mycollection",
        "rev": "1b8f14c9138b97c3bd63d5fbb74a9e9693c83174",
        "type": "github"
      },
      "original": {
        "owner": "igsha",
        "ref": "main",
        "repo": "tmux-mycollection",
        "type": "github"
      }
    },
    "yt-dlp-plugins": {
      "inputs": {
        "nixpkgs": [
          "nixpkgs"
        ]
      },
      "locked": {
        "lastModified": 1730742408,
        "narHash": "sha256-jFCLLKbuxQZvfb4moT+G/FO5gAKihm70/vXTGGhwP90=",
        "owner": "igsha",
        "repo": "yt-dlp-plugins",
        "rev": "6cfac5b3afc27c9af5f732bd5b7608ca49df13f3",
        "type": "github"
      },
      "original": {
        "owner": "igsha",
        "ref": "master",
        "repo": "yt-dlp-plugins",
        "type": "github"
      }
    }
  },
  "root": "root",
  "version": 7
}
