{
  "nodes": {
    "home-config": {
      "locked": {
        "lastModified": 1747939480,
        "narHash": "sha256-IA9CowtH59+BEFWRcH4tdq8+jHS0f0RT2ngjT6BPZyY=",
        "owner": "igsha",
        "repo": "home-config",
        "rev": "9f9a32762774df88f8d6807c54e815c10ad7b03f",
        "type": "github"
      },
      "original": {
        "owner": "igsha",
        "ref": "main",
        "repo": "home-config",
        "type": "github"
      }
    },
    "nixos-hardware": {
      "inputs": {
        "nixpkgs": "nixpkgs"
      },
      "locked": {
        "lastModified": 1781168557,
        "narHash": "sha256-LOnLQ2tpYF9gqIDDr3+j3DbpJJr/QCH6zPRT2GzEUOE=",
        "owner": "nixos",
        "repo": "nixos-hardware",
        "rev": "6358ff76821101c178e3ab4919a62799bfe3652e",
        "type": "github"
      },
      "original": {
        "owner": "nixos",
        "ref": "master",
        "repo": "nixos-hardware",
        "type": "github"
      }
    },
    "nixpkgs": {
      "locked": {
        "lastModified": 1767892417,
        "narHash": "sha256-8bW3q88CEg2u4hSP66Vf4lpbLonHz7hqDNBMcCY7E9U=",
        "rev": "3497aa5c9457a9d88d71fa93a4a8368816fbeeba",
        "type": "tarball",
        "url": "https://releases.nixos.org/nixos/unstable/nixos-26.05pre924538.3497aa5c9457/nixexprs.tar.xz"
      },
      "original": {
        "type": "tarball",
        "url": "https://channels.nixos.org/nixos-unstable/nixexprs.tar.xz"
      }
    },
    "nixpkgs_2": {
      "locked": {
        "lastModified": 1781074563,
        "narHash": "sha256-md8WlXOlfnIeHeOScMTTHFyf2d6iaTwPl2apR5EQ3P4=",
        "owner": "nixos",
        "repo": "nixpkgs",
        "rev": "9ae611a455b90cf061d8f332b977e387bda8e1ca",
        "type": "github"
      },
      "original": {
        "owner": "nixos",
        "ref": "nixos-unstable",
        "repo": "nixpkgs",
        "type": "github"
      }
    },
    "root": {
      "inputs": {
        "home-config": "home-config",
        "nixos-hardware": "nixos-hardware",
        "nixpkgs": "nixpkgs_2",
        "tmux-mycollection": "tmux-mycollection",
        "uniplay": "uniplay",
        "yt-dlp-plugins": "yt-dlp-plugins"
      }
    },
    "tmux-mycollection": {
      "inputs": {
        "nixpkgs": [
          "nixpkgs"
        ]
      },
      "locked": {
        "lastModified": 1715757402,
        "narHash": "sha256-vaYkOb/Fv+4dDyzufiXJrb8fHiAt2VBaeZCFrSVCf1g=",
        "owner": "igsha",
        "repo": "tmux-mycollection",
        "rev": "1b8f14c9138b97c3bd63d5fbb74a9e9693c83174",
        "type": "github"
      },
      "original": {
        "owner": "igsha",
        "ref": "main",
        "repo": "tmux-mycollection",
        "type": "github"
      }
    },
    "uniplay": {
      "inputs": {
        "nixpkgs": [
          "nixpkgs"
        ]
      },
      "locked": {
        "lastModified": 1781190059,
        "narHash": "sha256-3uxvpgcT2KeG/WE/T6hTCNqJUVu9GTKQrK3oJaR5VzA=",
        "owner": "igsha",
        "repo": "uniplay",
        "rev": "c220eadf3111183be2a36cc49450a06bd97e1ab6",
        "type": "github"
      },
      "original": {
        "owner": "igsha",
        "ref": "main",
        "repo": "uniplay",
        "type": "github"
      }
    },
    "yt-dlp-plugins": {
      "inputs": {
        "nixpkgs": [
          "nixpkgs"
        ]
      },
      "locked": {
        "lastModified": 1775661661,
        "narHash": "sha256-mOBEnZZLw/zgP3i3fHhimaLJGs43N/gLy9oiVZcTwao=",
        "owner": "igsha",
        "repo": "yt-dlp-plugins",
        "rev": "975b143cd49586777d0fc1031f0e788f33148e94",
        "type": "github"
      },
      "original": {
        "owner": "igsha",
        "ref": "master",
        "repo": "yt-dlp-plugins",
        "type": "github"
      }
    }
  },
  "root": "root",
  "version": 7
}
