{
  "nodes": {
    "dino": {
      "inputs": {
        "nixpkgs": [
          "nixpkgs"
        ]
      },
      "locked": {
        "lastModified": 1714141479,
        "narHash": "sha256-kvA/nm7aykc9NmWiA1NMNYf6KOUeHHrq8QCUCvGDOm0=",
        "owner": "igsha",
        "repo": "dino",
        "rev": "67d1782e29bcecada98fbe18fde4acc93c3a45b6",
        "type": "github"
      },
      "original": {
        "owner": "igsha",
        "ref": "nix-support",
        "repo": "dino",
        "type": "github"
      }
    },
    "home-config": {
      "inputs": {
        "nixpkgs": [
          "nixpkgs"
        ]
      },
      "locked": {
        "lastModified": 1730715968,
        "narHash": "sha256-dyAuoXgzTEnN/fBwMMuFr6/6FCpK9kCkFI9dp6Cjy8g=",
        "owner": "igsha",
        "repo": "home-config",
        "rev": "29b7eaf0a2c314b09a6003f83ca7dda9b51ba0e7",
        "type": "github"
      },
      "original": {
        "owner": "igsha",
        "ref": "main",
        "repo": "home-config",
        "type": "github"
      }
    },
    "news-reader": {
      "inputs": {
        "nixpkgs": [
          "nixpkgs"
        ]
      },
      "locked": {
        "lastModified": 1729527118,
        "narHash": "sha256-GUZjL5bYws76PtCjnfKes+Ymo6vBdjNYhGiqxmDevMs=",
        "owner": "igsha",
        "repo": "news-reader",
        "rev": "391d388de429f917b963081983038e893ca8c8b5",
        "type": "github"
      },
      "original": {
        "owner": "igsha",
        "ref": "main",
        "repo": "news-reader",
        "type": "github"
      }
    },
    "nixos-hardware": {
      "locked": {
        "lastModified": 1732483221,
        "narHash": "sha256-kF6rDeCshoCgmQz+7uiuPdREVFuzhIorGOoPXMalL2U=",
        "owner": "nixos",
        "repo": "nixos-hardware",
        "rev": "45348ad6fb8ac0e8415f6e5e96efe47dd7f39405",
        "type": "github"
      },
      "original": {
        "owner": "nixos",
        "ref": "master",
        "repo": "nixos-hardware",
        "type": "github"
      }
    },
    "nixpkgs": {
      "locked": {
        "lastModified": 1732758367,
        "narHash": "sha256-RzaI1RO0UXqLjydtz3GAXSTzHkpb/lLD1JD8a0W4Wpo=",
        "owner": "nixos",
        "repo": "nixpkgs",
        "rev": "fa42b5a5f401aab8a32bd33c9a4de0738180dc59",
        "type": "github"
      },
      "original": {
        "owner": "nixos",
        "ref": "nixos-unstable",
        "repo": "nixpkgs",
        "type": "github"
      }
    },
    "root": {
      "inputs": {
        "dino": "dino",
        "home-config": "home-config",
        "news-reader": "news-reader",
        "nixos-hardware": "nixos-hardware",
        "nixpkgs": "nixpkgs",
        "tmux-mycollection": "tmux-mycollection",
        "yt-dlp-plugins": "yt-dlp-plugins"
      }
    },
    "tmux-mycollection": {
      "inputs": {
        "nixpkgs": [
          "nixpkgs"
        ]
      },
      "locked": {
        "lastModified": 1715757402,
        "narHash": "sha256-vaYkOb/Fv+4dDyzufiXJrb8fHiAt2VBaeZCFrSVCf1g=",
        "owner": "igsha",
        "repo": "tmux-mycollection",
        "rev": "1b8f14c9138b97c3bd63d5fbb74a9e9693c83174",
        "type": "github"
      },
      "original": {
        "owner": "igsha",
        "ref": "main",
        "repo": "tmux-mycollection",
        "type": "github"
      }
    },
    "yt-dlp-plugins": {
      "inputs": {
        "nixpkgs": [
          "nixpkgs"
        ]
      },
      "locked": {
        "lastModified": 1733169458,
        "narHash": "sha256-vquJy5rpv9mP8TMNGOSoZTmHeXjaOObfuuiGhKYKyLQ=",
        "owner": "igsha",
        "repo": "yt-dlp-plugins",
        "rev": "fe90fba15ec22974b607b863c8df356c47cc2cb5",
        "type": "github"
      },
      "original": {
        "owner": "igsha",
        "ref": "master",
        "repo": "yt-dlp-plugins",
        "type": "github"
      }
    }
  },
  "root": "root",
  "version": 7
}
